// !$*UTF8*$!
{
	archiveVersion = 1;
	classes = {
	};
	objectVersion = 50;
	objects = {

/* Begin PBXBuildFile section */
		13A6E1FEDE42389E945A8270 /* Pods_Wunderlist.framework in Frameworks */ = {isa = PBXBuildFile; fileRef = 71FD8FCC2B58933B0E1F333D /* Pods_Wunderlist.framework */; };
		27D818F224A136D200564B68 /* HTTPMethod.swift in Sources */ = {isa = PBXBuildFile; fileRef = 27D818F124A136D200564B68 /* HTTPMethod.swift */; };
		27D818F624A13A3500564B68 /* NetworkError.swift in Sources */ = {isa = PBXBuildFile; fileRef = 27D818F524A13A3500564B68 /* NetworkError.swift */; };
		27FB0B3C24A50FA000A2335B /* RecurringTask.swift in Sources */ = {isa = PBXBuildFile; fileRef = 27FB0B3B24A50FA000A2335B /* RecurringTask.swift */; };
		5E65BA5724A401A300EE875F /* StorageManager.swift in Sources */ = {isa = PBXBuildFile; fileRef = 5E65BA5624A401A300EE875F /* StorageManager.swift */; };
		5E65BA5924A43E5E00EE875F /* WunderlistNetworkTests.swift in Sources */ = {isa = PBXBuildFile; fileRef = 5E65BA5824A43E5E00EE875F /* WunderlistNetworkTests.swift */; };
		5E65BA5B24A4621A00EE875F /* MockDataLoader.swift in Sources */ = {isa = PBXBuildFile; fileRef = 5E65BA5A24A4621A00EE875F /* MockDataLoader.swift */; };
		5E65BA5D24A4634800EE875F /* mockJSON.swift in Sources */ = {isa = PBXBuildFile; fileRef = 5E65BA5C24A4634800EE875F /* mockJSON.swift */; };
		5E65BA6024A53F2300EE875F /* String+Keys.swift in Sources */ = {isa = PBXBuildFile; fileRef = 5E7B0736249F3FC700F6664A /* String+Keys.swift */; };
		5E65BA6124A5442C00EE875F /* Onboarding.storyboard in Resources */ = {isa = PBXBuildFile; fileRef = 5E7B072E249EDB4F00F6664A /* Onboarding.storyboard */; };
		5E7B072F249EDB4F00F6664A /* Onboarding.storyboard in Resources */ = {isa = PBXBuildFile; fileRef = 5E7B072E249EDB4F00F6664A /* Onboarding.storyboard */; };
		5E7B0732249EDC0B00F6664A /* OnboardingViewController.swift in Sources */ = {isa = PBXBuildFile; fileRef = 5E7B0731249EDC0B00F6664A /* OnboardingViewController.swift */; };
		5E7B0734249EDC3600F6664A /* LoginSignUpViewController.swift in Sources */ = {isa = PBXBuildFile; fileRef = 5E7B0733249EDC3600F6664A /* LoginSignUpViewController.swift */; };
		5E7B0737249F3FC700F6664A /* String+Keys.swift in Sources */ = {isa = PBXBuildFile; fileRef = 5E7B0736249F3FC700F6664A /* String+Keys.swift */; };
		5E7B073F24A186D100F6664A /* WunderlistTests.swift in Sources */ = {isa = PBXBuildFile; fileRef = 5E7B073E24A186D100F6664A /* WunderlistTests.swift */; };
		5E7B074D24A1870800F6664A /* WunderlistUITests.swift in Sources */ = {isa = PBXBuildFile; fileRef = 5E7B074C24A1870800F6664A /* WunderlistUITests.swift */; };
		B4194F9D24A1393800B3BB5E /* User.swift in Sources */ = {isa = PBXBuildFile; fileRef = B4194F9C24A1393800B3BB5E /* User.swift */; };
		B4194F9F24A13A7F00B3BB5E /* UserController.swift in Sources */ = {isa = PBXBuildFile; fileRef = B4194F9E24A13A7F00B3BB5E /* UserController.swift */; };
		B4194FA124A13A9100B3BB5E /* NetworkDataLoader.swift in Sources */ = {isa = PBXBuildFile; fileRef = B4194FA024A13A9100B3BB5E /* NetworkDataLoader.swift */; };
		B4194FA324A13AC600B3BB5E /* Bearer.swift in Sources */ = {isa = PBXBuildFile; fileRef = B4194FA224A13AC600B3BB5E /* Bearer.swift */; };
		B4FEBEC724A267B500640C75 /* ListTableViewController.swift in Sources */ = {isa = PBXBuildFile; fileRef = B4FEBEC624A267B500640C75 /* ListTableViewController.swift */; };
		B4FEBECA24A26DE600640C75 /* ListCell.swift in Sources */ = {isa = PBXBuildFile; fileRef = B4FEBEC924A26DE600640C75 /* ListCell.swift */; };
		B4FEBECC24A2707200640C75 /* DetailViewController.swift in Sources */ = {isa = PBXBuildFile; fileRef = B4FEBECB24A2707200640C75 /* DetailViewController.swift */; };
		B4FEBECE24A2AD3A00640C75 /* AddViewController.swift in Sources */ = {isa = PBXBuildFile; fileRef = B4FEBECD24A2AD3A00640C75 /* AddViewController.swift */; };
		DB15110624A104620007858E /* Wunderlist.xcdatamodeld in Sources */ = {isa = PBXBuildFile; fileRef = DB15110424A104620007858E /* Wunderlist.xcdatamodeld */; };
		DB15110824A104730007858E /* CoreDataStack.swift in Sources */ = {isa = PBXBuildFile; fileRef = DB15110724A104730007858E /* CoreDataStack.swift */; };
		DB15110A24A1047A0007858E /* List+Convenience.swift in Sources */ = {isa = PBXBuildFile; fileRef = DB15110924A1047A0007858E /* List+Convenience.swift */; };
		DB15110C24A104810007858E /* PersistenceProtocol.swift in Sources */ = {isa = PBXBuildFile; fileRef = DB15110B24A104810007858E /* PersistenceProtocol.swift */; };
		DB3EA15C249EABCD009B3BEA /* AppDelegate.swift in Sources */ = {isa = PBXBuildFile; fileRef = DB3EA15B249EABCD009B3BEA /* AppDelegate.swift */; };
		DB3EA15E249EABCD009B3BEA /* SceneDelegate.swift in Sources */ = {isa = PBXBuildFile; fileRef = DB3EA15D249EABCD009B3BEA /* SceneDelegate.swift */; };
		DB3EA163249EABCD009B3BEA /* Main.storyboard in Resources */ = {isa = PBXBuildFile; fileRef = DB3EA161249EABCD009B3BEA /* Main.storyboard */; };
		DB3EA165249EABD0009B3BEA /* Assets.xcassets in Resources */ = {isa = PBXBuildFile; fileRef = DB3EA164249EABD0009B3BEA /* Assets.xcassets */; };
		DB3EA168249EABD0009B3BEA /* LaunchScreen.storyboard in Resources */ = {isa = PBXBuildFile; fileRef = DB3EA166249EABD0009B3BEA /* LaunchScreen.storyboard */; };
		DB6F732A24A4180A00D13829 /* Task.swift in Sources */ = {isa = PBXBuildFile; fileRef = DB6F732924A4180A00D13829 /* Task.swift */; };
		DB6F732C24A56E4D00D13829 /* PrettyJSON.swift in Sources */ = {isa = PBXBuildFile; fileRef = DB6F732B24A56E4D00D13829 /* PrettyJSON.swift */; };
		DBACA3BA24A1198600F4872D /* PDMListController.swift in Sources */ = {isa = PBXBuildFile; fileRef = DBACA3B924A1198600F4872D /* PDMListController.swift */; };
		DBACA3BC24A119AB00F4872D /* PDMListRepresentation.swift in Sources */ = {isa = PBXBuildFile; fileRef = DBACA3BB24A119AB00F4872D /* PDMListRepresentation.swift */; };
/* End PBXBuildFile section */

/* Begin PBXContainerItemProxy section */
		5E7B074124A186D100F6664A /* PBXContainerItemProxy */ = {
			isa = PBXContainerItemProxy;
			containerPortal = DB3EA150249EABCD009B3BEA /* Project object */;
			proxyType = 1;
			remoteGlobalIDString = DB3EA157249EABCD009B3BEA;
			remoteInfo = Wunderlist;
		};
		5E7B074F24A1870800F6664A /* PBXContainerItemProxy */ = {
			isa = PBXContainerItemProxy;
			containerPortal = DB3EA150249EABCD009B3BEA /* Project object */;
			proxyType = 1;
			remoteGlobalIDString = DB3EA157249EABCD009B3BEA;
			remoteInfo = Wunderlist;
		};
/* End PBXContainerItemProxy section */

/* Begin PBXFileReference section */
		27D818F124A136D200564B68 /* HTTPMethod.swift */ = {isa = PBXFileReference; lastKnownFileType = sourcecode.swift; path = HTTPMethod.swift; sourceTree = "<group>"; };
		27D818F524A13A3500564B68 /* NetworkError.swift */ = {isa = PBXFileReference; lastKnownFileType = sourcecode.swift; path = NetworkError.swift; sourceTree = "<group>"; };
		27FB0B3B24A50FA000A2335B /* RecurringTask.swift */ = {isa = PBXFileReference; lastKnownFileType = sourcecode.swift; path = RecurringTask.swift; sourceTree = "<group>"; };
		27FB0B4024A518D500A2335B /* Wunderlist 2.xcdatamodel */ = {isa = PBXFileReference; lastKnownFileType = wrapper.xcdatamodel; path = "Wunderlist 2.xcdatamodel"; sourceTree = "<group>"; };
		2FA5D5110893E905758FF010 /* Pods-Wunderlist.debug.xcconfig */ = {isa = PBXFileReference; includeInIndex = 1; lastKnownFileType = text.xcconfig; name = "Pods-Wunderlist.debug.xcconfig"; path = "Target Support Files/Pods-Wunderlist/Pods-Wunderlist.debug.xcconfig"; sourceTree = "<group>"; };
		5E65BA5624A401A300EE875F /* StorageManager.swift */ = {isa = PBXFileReference; lastKnownFileType = sourcecode.swift; path = StorageManager.swift; sourceTree = "<group>"; };
		5E65BA5824A43E5E00EE875F /* WunderlistNetworkTests.swift */ = {isa = PBXFileReference; lastKnownFileType = sourcecode.swift; path = WunderlistNetworkTests.swift; sourceTree = "<group>"; };
		5E65BA5A24A4621A00EE875F /* MockDataLoader.swift */ = {isa = PBXFileReference; lastKnownFileType = sourcecode.swift; path = MockDataLoader.swift; sourceTree = "<group>"; };
		5E65BA5C24A4634800EE875F /* mockJSON.swift */ = {isa = PBXFileReference; lastKnownFileType = sourcecode.swift; path = mockJSON.swift; sourceTree = "<group>"; };
		5E7B072E249EDB4F00F6664A /* Onboarding.storyboard */ = {isa = PBXFileReference; lastKnownFileType = file.storyboard; path = Onboarding.storyboard; sourceTree = "<group>"; };
		5E7B0731249EDC0B00F6664A /* OnboardingViewController.swift */ = {isa = PBXFileReference; lastKnownFileType = sourcecode.swift; path = OnboardingViewController.swift; sourceTree = "<group>"; };
		5E7B0733249EDC3600F6664A /* LoginSignUpViewController.swift */ = {isa = PBXFileReference; lastKnownFileType = sourcecode.swift; path = LoginSignUpViewController.swift; sourceTree = "<group>"; };
		5E7B0736249F3FC700F6664A /* String+Keys.swift */ = {isa = PBXFileReference; lastKnownFileType = sourcecode.swift; path = "String+Keys.swift"; sourceTree = "<group>"; };
		5E7B073C24A186D100F6664A /* WunderlistTests.xctest */ = {isa = PBXFileReference; explicitFileType = wrapper.cfbundle; includeInIndex = 0; path = WunderlistTests.xctest; sourceTree = BUILT_PRODUCTS_DIR; };
		5E7B073E24A186D100F6664A /* WunderlistTests.swift */ = {isa = PBXFileReference; lastKnownFileType = sourcecode.swift; path = WunderlistTests.swift; sourceTree = "<group>"; };
		5E7B074024A186D100F6664A /* Info.plist */ = {isa = PBXFileReference; lastKnownFileType = text.plist.xml; path = Info.plist; sourceTree = "<group>"; };
		5E7B074A24A1870800F6664A /* WunderlistUITests.xctest */ = {isa = PBXFileReference; explicitFileType = wrapper.cfbundle; includeInIndex = 0; path = WunderlistUITests.xctest; sourceTree = BUILT_PRODUCTS_DIR; };
		5E7B074C24A1870800F6664A /* WunderlistUITests.swift */ = {isa = PBXFileReference; lastKnownFileType = sourcecode.swift; path = WunderlistUITests.swift; sourceTree = "<group>"; };
		5E7B074E24A1870800F6664A /* Info.plist */ = {isa = PBXFileReference; lastKnownFileType = text.plist.xml; path = Info.plist; sourceTree = "<group>"; };
		71FD8FCC2B58933B0E1F333D /* Pods_Wunderlist.framework */ = {isa = PBXFileReference; explicitFileType = wrapper.framework; includeInIndex = 0; path = Pods_Wunderlist.framework; sourceTree = BUILT_PRODUCTS_DIR; };
		8F8DCDAA0B717719598C5BAB /* Pods-Wunderlist.debug.xcconfig */ = {isa = PBXFileReference; includeInIndex = 1; lastKnownFileType = text.xcconfig; name = "Pods-Wunderlist.debug.xcconfig"; path = "Pods/Target Support Files/Pods-Wunderlist/Pods-Wunderlist.debug.xcconfig"; sourceTree = "<group>"; };
		992B96DDB70670EC02E9C30F /* Pods-Wunderlist.release.xcconfig */ = {isa = PBXFileReference; includeInIndex = 1; lastKnownFileType = text.xcconfig; name = "Pods-Wunderlist.release.xcconfig"; path = "Target Support Files/Pods-Wunderlist/Pods-Wunderlist.release.xcconfig"; sourceTree = "<group>"; };
		B4194F9C24A1393800B3BB5E /* User.swift */ = {isa = PBXFileReference; lastKnownFileType = sourcecode.swift; path = User.swift; sourceTree = SOURCE_ROOT; };
		B4194F9E24A13A7F00B3BB5E /* UserController.swift */ = {isa = PBXFileReference; lastKnownFileType = sourcecode.swift; path = UserController.swift; sourceTree = SOURCE_ROOT; };
		B4194FA024A13A9100B3BB5E /* NetworkDataLoader.swift */ = {isa = PBXFileReference; lastKnownFileType = sourcecode.swift; path = NetworkDataLoader.swift; sourceTree = SOURCE_ROOT; };
		B4194FA224A13AC600B3BB5E /* Bearer.swift */ = {isa = PBXFileReference; lastKnownFileType = sourcecode.swift; name = Bearer.swift; path = Wunderlist/Model/Bearer.swift; sourceTree = SOURCE_ROOT; };
		B4FEBEC624A267B500640C75 /* ListTableViewController.swift */ = {isa = PBXFileReference; lastKnownFileType = sourcecode.swift; path = ListTableViewController.swift; sourceTree = "<group>"; };
		B4FEBEC924A26DE600640C75 /* ListCell.swift */ = {isa = PBXFileReference; lastKnownFileType = sourcecode.swift; path = ListCell.swift; sourceTree = "<group>"; };
		B4FEBECB24A2707200640C75 /* DetailViewController.swift */ = {isa = PBXFileReference; lastKnownFileType = sourcecode.swift; path = DetailViewController.swift; sourceTree = "<group>"; };
		B4FEBECD24A2AD3A00640C75 /* AddViewController.swift */ = {isa = PBXFileReference; lastKnownFileType = sourcecode.swift; path = AddViewController.swift; sourceTree = "<group>"; };
		DB15110524A104620007858E /* Wunderlist.xcdatamodel */ = {isa = PBXFileReference; lastKnownFileType = wrapper.xcdatamodel; path = Wunderlist.xcdatamodel; sourceTree = "<group>"; };
		DB15110724A104730007858E /* CoreDataStack.swift */ = {isa = PBXFileReference; lastKnownFileType = sourcecode.swift; path = CoreDataStack.swift; sourceTree = "<group>"; };
		DB15110924A1047A0007858E /* List+Convenience.swift */ = {isa = PBXFileReference; lastKnownFileType = sourcecode.swift; path = "List+Convenience.swift"; sourceTree = "<group>"; };
		DB15110B24A104810007858E /* PersistenceProtocol.swift */ = {isa = PBXFileReference; lastKnownFileType = sourcecode.swift; path = PersistenceProtocol.swift; sourceTree = "<group>"; };
		DB3EA158249EABCD009B3BEA /* Wunderlist.app */ = {isa = PBXFileReference; explicitFileType = wrapper.application; includeInIndex = 0; path = Wunderlist.app; sourceTree = BUILT_PRODUCTS_DIR; };
		DB3EA15B249EABCD009B3BEA /* AppDelegate.swift */ = {isa = PBXFileReference; lastKnownFileType = sourcecode.swift; path = AppDelegate.swift; sourceTree = "<group>"; };
		DB3EA15D249EABCD009B3BEA /* SceneDelegate.swift */ = {isa = PBXFileReference; lastKnownFileType = sourcecode.swift; path = SceneDelegate.swift; sourceTree = "<group>"; };
		DB3EA162249EABCD009B3BEA /* Base */ = {isa = PBXFileReference; lastKnownFileType = file.storyboard; name = Base; path = Base.lproj/Main.storyboard; sourceTree = "<group>"; };
		DB3EA164249EABD0009B3BEA /* Assets.xcassets */ = {isa = PBXFileReference; lastKnownFileType = folder.assetcatalog; path = Assets.xcassets; sourceTree = "<group>"; };
		DB3EA167249EABD0009B3BEA /* Base */ = {isa = PBXFileReference; lastKnownFileType = file.storyboard; name = Base; path = Base.lproj/LaunchScreen.storyboard; sourceTree = "<group>"; };
		DB3EA169249EABD0009B3BEA /* Info.plist */ = {isa = PBXFileReference; lastKnownFileType = text.plist.xml; path = Info.plist; sourceTree = "<group>"; };
		DB6F732924A4180A00D13829 /* Task.swift */ = {isa = PBXFileReference; lastKnownFileType = sourcecode.swift; path = Task.swift; sourceTree = "<group>"; };
		DB6F732B24A56E4D00D13829 /* PrettyJSON.swift */ = {isa = PBXFileReference; lastKnownFileType = sourcecode.swift; path = PrettyJSON.swift; sourceTree = "<group>"; };
		DBACA3B924A1198600F4872D /* PDMListController.swift */ = {isa = PBXFileReference; lastKnownFileType = sourcecode.swift; path = PDMListController.swift; sourceTree = "<group>"; };
		DBACA3BB24A119AB00F4872D /* PDMListRepresentation.swift */ = {isa = PBXFileReference; lastKnownFileType = sourcecode.swift; path = PDMListRepresentation.swift; sourceTree = "<group>"; };
		F485D1A929BE2D5E081E4B61 /* Pods-Wunderlist.release.xcconfig */ = {isa = PBXFileReference; includeInIndex = 1; lastKnownFileType = text.xcconfig; name = "Pods-Wunderlist.release.xcconfig"; path = "Pods/Target Support Files/Pods-Wunderlist/Pods-Wunderlist.release.xcconfig"; sourceTree = "<group>"; };
/* End PBXFileReference section */

/* Begin PBXFrameworksBuildPhase section */
		5E7B073924A186D100F6664A /* Frameworks */ = {
			isa = PBXFrameworksBuildPhase;
			buildActionMask = 2147483647;
			files = (
			);
			runOnlyForDeploymentPostprocessing = 0;
		};
		5E7B074724A1870800F6664A /* Frameworks */ = {
			isa = PBXFrameworksBuildPhase;
			buildActionMask = 2147483647;
			files = (
			);
			runOnlyForDeploymentPostprocessing = 0;
		};
		DB3EA155249EABCD009B3BEA /* Frameworks */ = {
			isa = PBXFrameworksBuildPhase;
			buildActionMask = 2147483647;
			files = (
				13A6E1FEDE42389E945A8270 /* Pods_Wunderlist.framework in Frameworks */,
			);
			runOnlyForDeploymentPostprocessing = 0;
		};
/* End PBXFrameworksBuildPhase section */

/* Begin PBXGroup section */
		5E7B0730249EDB8C00F6664A /* Onboarding */ = {
			isa = PBXGroup;
			children = (
				5E7B0731249EDC0B00F6664A /* OnboardingViewController.swift */,
				5E7B0733249EDC3600F6664A /* LoginSignUpViewController.swift */,
			);
			path = Onboarding;
			sourceTree = "<group>";
		};
		5E7B0735249F3F9300F6664A /* Global Helpers */ = {
			isa = PBXGroup;
			children = (
				5E7B0736249F3FC700F6664A /* String+Keys.swift */,
				27D818F124A136D200564B68 /* HTTPMethod.swift */,
				27D818F524A13A3500564B68 /* NetworkError.swift */,
				DB6F732B24A56E4D00D13829 /* PrettyJSON.swift */,
			);
			path = "Global Helpers";
			sourceTree = "<group>";
		};
		5E7B073D24A186D100F6664A /* WunderlistTests */ = {
			isa = PBXGroup;
			children = (
				5E7B073E24A186D100F6664A /* WunderlistTests.swift */,
				5E65BA5824A43E5E00EE875F /* WunderlistNetworkTests.swift */,
				5E65BA5A24A4621A00EE875F /* MockDataLoader.swift */,
				5E65BA5624A401A300EE875F /* StorageManager.swift */,
				5E7B074024A186D100F6664A /* Info.plist */,
				5E65BA5C24A4634800EE875F /* mockJSON.swift */,
			);
			path = WunderlistTests;
			sourceTree = "<group>";
		};
		5E7B074B24A1870800F6664A /* WunderlistUITests */ = {
			isa = PBXGroup;
			children = (
				5E7B074C24A1870800F6664A /* WunderlistUITests.swift */,
				5E7B074E24A1870800F6664A /* Info.plist */,
			);
			path = WunderlistUITests;
			sourceTree = "<group>";
		};
		B44AB5F524A581E200074672 /* Notifications */ = {
			isa = PBXGroup;
			children = (
			);
			path = Notifications;
			sourceTree = "<group>";
		};
		B4FEBEC824A26DAD00640C75 /* List Views */ = {
			isa = PBXGroup;
			children = (
				B4FEBEC624A267B500640C75 /* ListTableViewController.swift */,
				B4FEBEC924A26DE600640C75 /* ListCell.swift */,
				B4FEBECB24A2707200640C75 /* DetailViewController.swift */,
				B4FEBECD24A2AD3A00640C75 /* AddViewController.swift */,
			);
			path = "List Views";
			sourceTree = "<group>";
		};
		B9E352786EF74677C055B15C /* Pods */ = {
			isa = PBXGroup;
			children = (
				2FA5D5110893E905758FF010 /* Pods-Wunderlist.debug.xcconfig */,
				992B96DDB70670EC02E9C30F /* Pods-Wunderlist.release.xcconfig */,
				8F8DCDAA0B717719598C5BAB /* Pods-Wunderlist.debug.xcconfig */,
				F485D1A929BE2D5E081E4B61 /* Pods-Wunderlist.release.xcconfig */,
			);
			path = Pods;
			sourceTree = "<group>";
		};
		DB3EA14F249EABCD009B3BEA = {
			isa = PBXGroup;
			children = (
				DB3EA15A249EABCD009B3BEA /* Wunderlist */,
				5E7B073D24A186D100F6664A /* WunderlistTests */,
				5E7B074B24A1870800F6664A /* WunderlistUITests */,
				DB3EA159249EABCD009B3BEA /* Products */,
				B9E352786EF74677C055B15C /* Pods */,
				F724FB830D5F47C886E74CD8 /* Frameworks */,
			);
			sourceTree = "<group>";
		};
		DB3EA159249EABCD009B3BEA /* Products */ = {
			isa = PBXGroup;
			children = (
				DB3EA158249EABCD009B3BEA /* Wunderlist.app */,
				5E7B073C24A186D100F6664A /* WunderlistTests.xctest */,
				5E7B074A24A1870800F6664A /* WunderlistUITests.xctest */,
			);
			name = Products;
			sourceTree = "<group>";
		};
		DB3EA15A249EABCD009B3BEA /* Wunderlist */ = {
			isa = PBXGroup;
			children = (
				B44AB5F524A581E200074672 /* Notifications */,
				DB3EA175249EAC23009B3BEA /* Core Data */,
				DB3EA174249EAC11009B3BEA /* Networking_API */,
				DB3EA173249EAC0C009B3BEA /* View Controllers */,
				DB3EA172249EAC05009B3BEA /* Model Controller */,
				DB3EA171249EABFF009B3BEA /* Model */,
				DB3EA16F249EABD9009B3BEA /* Resources */,
				DB3EA170249EABF1009B3BEA /* Storyboards */,
				5E7B0735249F3F9300F6664A /* Global Helpers */,
			);
			path = Wunderlist;
			sourceTree = "<group>";
		};
		DB3EA16F249EABD9009B3BEA /* Resources */ = {
			isa = PBXGroup;
			children = (
				DB3EA15B249EABCD009B3BEA /* AppDelegate.swift */,
				DB3EA15D249EABCD009B3BEA /* SceneDelegate.swift */,
				DB3EA164249EABD0009B3BEA /* Assets.xcassets */,
				DB3EA169249EABD0009B3BEA /* Info.plist */,
			);
			path = Resources;
			sourceTree = "<group>";
		};
		DB3EA170249EABF1009B3BEA /* Storyboards */ = {
			isa = PBXGroup;
			children = (
				DB3EA161249EABCD009B3BEA /* Main.storyboard */,
				DB3EA166249EABD0009B3BEA /* LaunchScreen.storyboard */,
				5E7B072E249EDB4F00F6664A /* Onboarding.storyboard */,
			);
			path = Storyboards;
			sourceTree = "<group>";
		};
		DB3EA171249EABFF009B3BEA /* Model */ = {
			isa = PBXGroup;
			children = (
				B4194F9C24A1393800B3BB5E /* User.swift */,
				B4194FA224A13AC600B3BB5E /* Bearer.swift */,
				DBACA3BB24A119AB00F4872D /* PDMListRepresentation.swift */,
				DB6F732924A4180A00D13829 /* Task.swift */,
				27FB0B3B24A50FA000A2335B /* RecurringTask.swift */,
			);
			path = Model;
			sourceTree = "<group>";
		};
		DB3EA172249EAC05009B3BEA /* Model Controller */ = {
			isa = PBXGroup;
			children = (
				B4194F9E24A13A7F00B3BB5E /* UserController.swift */,
			);
			path = "Model Controller";
			sourceTree = "<group>";
		};
		DB3EA173249EAC0C009B3BEA /* View Controllers */ = {
			isa = PBXGroup;
			children = (
				5E7B0730249EDB8C00F6664A /* Onboarding */,
				B4FEBEC824A26DAD00640C75 /* List Views */,
			);
			path = "View Controllers";
			sourceTree = "<group>";
		};
		DB3EA174249EAC11009B3BEA /* Networking_API */ = {
			isa = PBXGroup;
			children = (
				B4194FA024A13A9100B3BB5E /* NetworkDataLoader.swift */,
				DBACA3B924A1198600F4872D /* PDMListController.swift */,
			);
			path = Networking_API;
			sourceTree = "<group>";
		};
		DB3EA175249EAC23009B3BEA /* Core Data */ = {
			isa = PBXGroup;
			children = (
				DB15110424A104620007858E /* Wunderlist.xcdatamodeld */,
				DB15110724A104730007858E /* CoreDataStack.swift */,
				DB15110924A1047A0007858E /* List+Convenience.swift */,
				DB15110B24A104810007858E /* PersistenceProtocol.swift */,
			);
			path = "Core Data";
			sourceTree = "<group>";
		};
		F724FB830D5F47C886E74CD8 /* Frameworks */ = {
			isa = PBXGroup;
			children = (
				71FD8FCC2B58933B0E1F333D /* Pods_Wunderlist.framework */,
			);
			name = Frameworks;
			sourceTree = "<group>";
		};
/* End PBXGroup section */

/* Begin PBXNativeTarget section */
		5E7B073B24A186D100F6664A /* WunderlistTests */ = {
			isa = PBXNativeTarget;
			buildConfigurationList = 5E7B074524A186D100F6664A /* Build configuration list for PBXNativeTarget "WunderlistTests" */;
			buildPhases = (
				5E7B073824A186D100F6664A /* Sources */,
				5E7B073924A186D100F6664A /* Frameworks */,
				5E7B073A24A186D100F6664A /* Resources */,
			);
			buildRules = (
			);
			dependencies = (
				5E7B074224A186D100F6664A /* PBXTargetDependency */,
			);
			name = WunderlistTests;
			productName = WunderlistTests;
			productReference = 5E7B073C24A186D100F6664A /* WunderlistTests.xctest */;
			productType = "com.apple.product-type.bundle.unit-test";
		};
		5E7B074924A1870800F6664A /* WunderlistUITests */ = {
			isa = PBXNativeTarget;
			buildConfigurationList = 5E7B075124A1870800F6664A /* Build configuration list for PBXNativeTarget "WunderlistUITests" */;
			buildPhases = (
				5E7B074624A1870800F6664A /* Sources */,
				5E7B074724A1870800F6664A /* Frameworks */,
				5E7B074824A1870800F6664A /* Resources */,
			);
			buildRules = (
			);
			dependencies = (
				5E7B075024A1870800F6664A /* PBXTargetDependency */,
			);
			name = WunderlistUITests;
			productName = WunderlistUITests;
			productReference = 5E7B074A24A1870800F6664A /* WunderlistUITests.xctest */;
			productType = "com.apple.product-type.bundle.ui-testing";
		};
		DB3EA157249EABCD009B3BEA /* Wunderlist */ = {
			isa = PBXNativeTarget;
			buildConfigurationList = DB3EA16C249EABD0009B3BEA /* Build configuration list for PBXNativeTarget "Wunderlist" */;
			buildPhases = (
				1E93AE2CC7B93574E32A4BDA /* [CP] Check Pods Manifest.lock */,
				DB3EA154249EABCD009B3BEA /* Sources */,
				DB3EA155249EABCD009B3BEA /* Frameworks */,
				DB3EA156249EABCD009B3BEA /* Resources */,
				DB3EA176249EADB3009B3BEA /* ShellScript */,
			);
			buildRules = (
			);
			dependencies = (
			);
			name = Wunderlist;
			productName = Wunderlist;
			productReference = DB3EA158249EABCD009B3BEA /* Wunderlist.app */;
			productType = "com.apple.product-type.application";
		};
/* End PBXNativeTarget section */

/* Begin PBXProject section */
		DB3EA150249EABCD009B3BEA /* Project object */ = {
			isa = PBXProject;
			attributes = {
				LastSwiftUpdateCheck = 1150;
				LastUpgradeCheck = 1150;
				ORGANIZATIONNAME = Wunderlist;
				TargetAttributes = {
					5E7B073B24A186D100F6664A = {
						CreatedOnToolsVersion = 11.5;
						TestTargetID = DB3EA157249EABCD009B3BEA;
					};
					5E7B074924A1870800F6664A = {
						CreatedOnToolsVersion = 11.5;
						TestTargetID = DB3EA157249EABCD009B3BEA;
					};
					DB3EA157249EABCD009B3BEA = {
						CreatedOnToolsVersion = 11.5;
					};
				};
			};
			buildConfigurationList = DB3EA153249EABCD009B3BEA /* Build configuration list for PBXProject "Wunderlist" */;
			compatibilityVersion = "Xcode 9.3";
			developmentRegion = en;
			hasScannedForEncodings = 0;
			knownRegions = (
				en,
				Base,
			);
			mainGroup = DB3EA14F249EABCD009B3BEA;
			productRefGroup = DB3EA159249EABCD009B3BEA /* Products */;
			projectDirPath = "";
			projectRoot = "";
			targets = (
				DB3EA157249EABCD009B3BEA /* Wunderlist */,
				5E7B073B24A186D100F6664A /* WunderlistTests */,
				5E7B074924A1870800F6664A /* WunderlistUITests */,
			);
		};
/* End PBXProject section */

/* Begin PBXResourcesBuildPhase section */
		5E7B073A24A186D100F6664A /* Resources */ = {
			isa = PBXResourcesBuildPhase;
			buildActionMask = 2147483647;
			files = (
			);
			runOnlyForDeploymentPostprocessing = 0;
		};
		5E7B074824A1870800F6664A /* Resources */ = {
			isa = PBXResourcesBuildPhase;
			buildActionMask = 2147483647;
			files = (
				5E65BA6124A5442C00EE875F /* Onboarding.storyboard in Resources */,
			);
			runOnlyForDeploymentPostprocessing = 0;
		};
		DB3EA156249EABCD009B3BEA /* Resources */ = {
			isa = PBXResourcesBuildPhase;
			buildActionMask = 2147483647;
			files = (
				DB3EA168249EABD0009B3BEA /* LaunchScreen.storyboard in Resources */,
				DB3EA165249EABD0009B3BEA /* Assets.xcassets in Resources */,
				DB3EA163249EABCD009B3BEA /* Main.storyboard in Resources */,
				5E7B072F249EDB4F00F6664A /* Onboarding.storyboard in Resources */,
			);
			runOnlyForDeploymentPostprocessing = 0;
		};
/* End PBXResourcesBuildPhase section */

/* Begin PBXShellScriptBuildPhase section */
		1E93AE2CC7B93574E32A4BDA /* [CP] Check Pods Manifest.lock */ = {
			isa = PBXShellScriptBuildPhase;
			buildActionMask = 2147483647;
			files = (
			);
			inputPaths = (
				"${PODS_PODFILE_DIR_PATH}/Podfile.lock",
				"${PODS_ROOT}/Manifest.lock",
			);
			name = "[CP] Check Pods Manifest.lock";
			outputPaths = (
				"$(DERIVED_FILE_DIR)/Pods-Wunderlist-checkManifestLockResult.txt",
			);
			runOnlyForDeploymentPostprocessing = 0;
			shellPath = /bin/sh;
			shellScript = "diff \"${PODS_PODFILE_DIR_PATH}/Podfile.lock\" \"${PODS_ROOT}/Manifest.lock\" > /dev/null\nif [ $? != 0 ] ; then\n    # print error to STDERR\n    echo \"error: The sandbox is not in sync with the Podfile.lock. Run 'pod install' or update your CocoaPods installation.\" >&2\n    exit 1\nfi\n# This output is used by Xcode 'outputs' to avoid re-running this script phase.\necho \"SUCCESS\" > \"${SCRIPT_OUTPUT_FILE_0}\"\n";
			showEnvVarsInLog = 0;
		};
		DB3EA176249EADB3009B3BEA /* ShellScript */ = {
			isa = PBXShellScriptBuildPhase;
			buildActionMask = 2147483647;
			files = (
			);
			inputPaths = (
			);
			outputPaths = (
			);
			runOnlyForDeploymentPostprocessing = 0;
			shellPath = /bin/sh;
			shellScript = "\"${PODS_ROOT}/SwiftLint/swiftlint\"\n\n";
		};
/* End PBXShellScriptBuildPhase section */

/* Begin PBXSourcesBuildPhase section */
		5E7B073824A186D100F6664A /* Sources */ = {
			isa = PBXSourcesBuildPhase;
			buildActionMask = 2147483647;
			files = (
				5E7B073F24A186D100F6664A /* WunderlistTests.swift in Sources */,
				5E65BA5924A43E5E00EE875F /* WunderlistNetworkTests.swift in Sources */,
				5E65BA5D24A4634800EE875F /* mockJSON.swift in Sources */,
				5E65BA5B24A4621A00EE875F /* MockDataLoader.swift in Sources */,
				5E65BA5724A401A300EE875F /* StorageManager.swift in Sources */,
			);
			runOnlyForDeploymentPostprocessing = 0;
		};
		5E7B074624A1870800F6664A /* Sources */ = {
			isa = PBXSourcesBuildPhase;
			buildActionMask = 2147483647;
			files = (
				5E65BA6024A53F2300EE875F /* String+Keys.swift in Sources */,
				5E7B074D24A1870800F6664A /* WunderlistUITests.swift in Sources */,
			);
			runOnlyForDeploymentPostprocessing = 0;
		};
		DB3EA154249EABCD009B3BEA /* Sources */ = {
			isa = PBXSourcesBuildPhase;
			buildActionMask = 2147483647;
			files = (
				DB15110824A104730007858E /* CoreDataStack.swift in Sources */,
				B4FEBECC24A2707200640C75 /* DetailViewController.swift in Sources */,
				DBACA3BC24A119AB00F4872D /* PDMListRepresentation.swift in Sources */,
				DB6F732A24A4180A00D13829 /* Task.swift in Sources */,
				B4FEBEC724A267B500640C75 /* ListTableViewController.swift in Sources */,
				5E7B0734249EDC3600F6664A /* LoginSignUpViewController.swift in Sources */,
				DB15110C24A104810007858E /* PersistenceProtocol.swift in Sources */,
				B4194F9F24A13A7F00B3BB5E /* UserController.swift in Sources */,
				B4194FA324A13AC600B3BB5E /* Bearer.swift in Sources */,
				DB3EA15C249EABCD009B3BEA /* AppDelegate.swift in Sources */,
				B4FEBECE24A2AD3A00640C75 /* AddViewController.swift in Sources */,
				B4194FA124A13A9100B3BB5E /* NetworkDataLoader.swift in Sources */,
				5E7B0732249EDC0B00F6664A /* OnboardingViewController.swift in Sources */,
				5E7B0737249F3FC700F6664A /* String+Keys.swift in Sources */,
				DB15110A24A1047A0007858E /* List+Convenience.swift in Sources */,
				DB15110624A104620007858E /* Wunderlist.xcdatamodeld in Sources */,
				B4194F9D24A1393800B3BB5E /* User.swift in Sources */,
				27FB0B3C24A50FA000A2335B /* RecurringTask.swift in Sources */,
				27D818F624A13A3500564B68 /* NetworkError.swift in Sources */,
				27D818F224A136D200564B68 /* HTTPMethod.swift in Sources */,
				B4FEBECA24A26DE600640C75 /* ListCell.swift in Sources */,
				DB6F732C24A56E4D00D13829 /* PrettyJSON.swift in Sources */,
				DBACA3BA24A1198600F4872D /* PDMListController.swift in Sources */,
				DB3EA15E249EABCD009B3BEA /* SceneDelegate.swift in Sources */,
			);
			runOnlyForDeploymentPostprocessing = 0;
		};
/* End PBXSourcesBuildPhase section */

/* Begin PBXTargetDependency section */
		5E7B074224A186D100F6664A /* PBXTargetDependency */ = {
			isa = PBXTargetDependency;
			target = DB3EA157249EABCD009B3BEA /* Wunderlist */;
			targetProxy = 5E7B074124A186D100F6664A /* PBXContainerItemProxy */;
		};
		5E7B075024A1870800F6664A /* PBXTargetDependency */ = {
			isa = PBXTargetDependency;
			target = DB3EA157249EABCD009B3BEA /* Wunderlist */;
			targetProxy = 5E7B074F24A1870800F6664A /* PBXContainerItemProxy */;
		};
/* End PBXTargetDependency section */

/* Begin PBXVariantGroup section */
		DB3EA161249EABCD009B3BEA /* Main.storyboard */ = {
			isa = PBXVariantGroup;
			children = (
				DB3EA162249EABCD009B3BEA /* Base */,
			);
			name = Main.storyboard;
			sourceTree = "<group>";
		};
		DB3EA166249EABD0009B3BEA /* LaunchScreen.storyboard */ = {
			isa = PBXVariantGroup;
			children = (
				DB3EA167249EABD0009B3BEA /* Base */,
			);
			name = LaunchScreen.storyboard;
			sourceTree = "<group>";
		};
/* End PBXVariantGroup section */

/* Begin XCBuildConfiguration section */
		5E7B074324A186D100F6664A /* Debug */ = {
			isa = XCBuildConfiguration;
			buildSettings = {
				BUNDLE_LOADER = "$(TEST_HOST)";
				CODE_SIGN_STYLE = Automatic;
				DEVELOPMENT_TEAM = H627294WQZ;
				INFOPLIST_FILE = WunderlistTests/Info.plist;
				LD_RUNPATH_SEARCH_PATHS = (
					"$(inherited)",
					"@executable_path/Frameworks",
					"@loader_path/Frameworks",
				);
				PRODUCT_BUNDLE_IDENTIFIER = CodyMorley.WunderlistTests;
				PRODUCT_NAME = "$(TARGET_NAME)";
				SWIFT_VERSION = 5.0;
				TARGETED_DEVICE_FAMILY = "1,2";
				TEST_HOST = "$(BUILT_PRODUCTS_DIR)/Wunderlist.app/Wunderlist";
			};
			name = Debug;
		};
		5E7B074424A186D100F6664A /* Release */ = {
			isa = XCBuildConfiguration;
			buildSettings = {
				BUNDLE_LOADER = "$(TEST_HOST)";
				CODE_SIGN_STYLE = Automatic;
				DEVELOPMENT_TEAM = H627294WQZ;
				INFOPLIST_FILE = WunderlistTests/Info.plist;
				LD_RUNPATH_SEARCH_PATHS = (
					"$(inherited)",
					"@executable_path/Frameworks",
					"@loader_path/Frameworks",
				);
				PRODUCT_BUNDLE_IDENTIFIER = CodyMorley.WunderlistTests;
				PRODUCT_NAME = "$(TARGET_NAME)";
				SWIFT_VERSION = 5.0;
				TARGETED_DEVICE_FAMILY = "1,2";
				TEST_HOST = "$(BUILT_PRODUCTS_DIR)/Wunderlist.app/Wunderlist";
			};
			name = Release;
		};
		5E7B075224A1870800F6664A /* Debug */ = {
			isa = XCBuildConfiguration;
			buildSettings = {
				CODE_SIGN_STYLE = Automatic;
				DEVELOPMENT_TEAM = H627294WQZ;
				INFOPLIST_FILE = WunderlistUITests/Info.plist;
				LD_RUNPATH_SEARCH_PATHS = (
					"$(inherited)",
					"@executable_path/Frameworks",
					"@loader_path/Frameworks",
				);
				PRODUCT_BUNDLE_IDENTIFIER = CodyMorley.WunderlistUITests;
				PRODUCT_NAME = "$(TARGET_NAME)";
				SWIFT_VERSION = 5.0;
				TARGETED_DEVICE_FAMILY = "1,2";
				TEST_TARGET_NAME = Wunderlist;
			};
			name = Debug;
		};
		5E7B075324A1870800F6664A /* Release */ = {
			isa = XCBuildConfiguration;
			buildSettings = {
				CODE_SIGN_STYLE = Automatic;
				DEVELOPMENT_TEAM = H627294WQZ;
				INFOPLIST_FILE = WunderlistUITests/Info.plist;
				LD_RUNPATH_SEARCH_PATHS = (
					"$(inherited)",
					"@executable_path/Frameworks",
					"@loader_path/Frameworks",
				);
				PRODUCT_BUNDLE_IDENTIFIER = CodyMorley.WunderlistUITests;
				PRODUCT_NAME = "$(TARGET_NAME)";
				SWIFT_VERSION = 5.0;
				TARGETED_DEVICE_FAMILY = "1,2";
				TEST_TARGET_NAME = Wunderlist;
			};
			name = Release;
		};
		DB3EA16A249EABD0009B3BEA /* Debug */ = {
			isa = XCBuildConfiguration;
			buildSettings = {
				ALWAYS_SEARCH_USER_PATHS = NO;
				CLANG_ANALYZER_NONNULL = YES;
				CLANG_ANALYZER_NUMBER_OBJECT_CONVERSION = YES_AGGRESSIVE;
				CLANG_CXX_LANGUAGE_STANDARD = "gnu++14";
				CLANG_CXX_LIBRARY = "libc++";
				CLANG_ENABLE_MODULES = YES;
				CLANG_ENABLE_OBJC_ARC = YES;
				CLANG_ENABLE_OBJC_WEAK = YES;
				CLANG_WARN_BLOCK_CAPTURE_AUTORELEASING = YES;
				CLANG_WARN_BOOL_CONVERSION = YES;
				CLANG_WARN_COMMA = YES;
				CLANG_WARN_CONSTANT_CONVERSION = YES;
				CLANG_WARN_DEPRECATED_OBJC_IMPLEMENTATIONS = YES;
				CLANG_WARN_DIRECT_OBJC_ISA_USAGE = YES_ERROR;
				CLANG_WARN_DOCUMENTATION_COMMENTS = YES;
				CLANG_WARN_EMPTY_BODY = YES;
				CLANG_WARN_ENUM_CONVERSION = YES;
				CLANG_WARN_INFINITE_RECURSION = YES;
				CLANG_WARN_INT_CONVERSION = YES;
				CLANG_WARN_NON_LITERAL_NULL_CONVERSION = YES;
				CLANG_WARN_OBJC_IMPLICIT_RETAIN_SELF = YES;
				CLANG_WARN_OBJC_LITERAL_CONVERSION = YES;
				CLANG_WARN_OBJC_ROOT_CLASS = YES_ERROR;
				CLANG_WARN_RANGE_LOOP_ANALYSIS = YES;
				CLANG_WARN_STRICT_PROTOTYPES = YES;
				CLANG_WARN_SUSPICIOUS_MOVE = YES;
				CLANG_WARN_UNGUARDED_AVAILABILITY = YES_AGGRESSIVE;
				CLANG_WARN_UNREACHABLE_CODE = YES;
				CLANG_WARN__DUPLICATE_METHOD_MATCH = YES;
				COPY_PHASE_STRIP = NO;
				DEBUG_INFORMATION_FORMAT = dwarf;
				ENABLE_STRICT_OBJC_MSGSEND = YES;
				ENABLE_TESTABILITY = YES;
				GCC_C_LANGUAGE_STANDARD = gnu11;
				GCC_DYNAMIC_NO_PIC = NO;
				GCC_NO_COMMON_BLOCKS = YES;
				GCC_OPTIMIZATION_LEVEL = 0;
				GCC_PREPROCESSOR_DEFINITIONS = (
					"DEBUG=1",
					"$(inherited)",
				);
				GCC_WARN_64_TO_32_BIT_CONVERSION = YES;
				GCC_WARN_ABOUT_RETURN_TYPE = YES_ERROR;
				GCC_WARN_UNDECLARED_SELECTOR = YES;
				GCC_WARN_UNINITIALIZED_AUTOS = YES_AGGRESSIVE;
				GCC_WARN_UNUSED_FUNCTION = YES;
				GCC_WARN_UNUSED_VARIABLE = YES;
				IPHONEOS_DEPLOYMENT_TARGET = 13.5;
				MTL_ENABLE_DEBUG_INFO = INCLUDE_SOURCE;
				MTL_FAST_MATH = YES;
				ONLY_ACTIVE_ARCH = YES;
				SDKROOT = iphoneos;
				SWIFT_ACTIVE_COMPILATION_CONDITIONS = DEBUG;
				SWIFT_OPTIMIZATION_LEVEL = "-Onone";
			};
			name = Debug;
		};
		DB3EA16B249EABD0009B3BEA /* Release */ = {
			isa = XCBuildConfiguration;
			buildSettings = {
				ALWAYS_SEARCH_USER_PATHS = NO;
				CLANG_ANALYZER_NONNULL = YES;
				CLANG_ANALYZER_NUMBER_OBJECT_CONVERSION = YES_AGGRESSIVE;
				CLANG_CXX_LANGUAGE_STANDARD = "gnu++14";
				CLANG_CXX_LIBRARY = "libc++";
				CLANG_ENABLE_MODULES = YES;
				CLANG_ENABLE_OBJC_ARC = YES;
				CLANG_ENABLE_OBJC_WEAK = YES;
				CLANG_WARN_BLOCK_CAPTURE_AUTORELEASING = YES;
				CLANG_WARN_BOOL_CONVERSION = YES;
				CLANG_WARN_COMMA = YES;
				CLANG_WARN_CONSTANT_CONVERSION = YES;
				CLANG_WARN_DEPRECATED_OBJC_IMPLEMENTATIONS = YES;
				CLANG_WARN_DIRECT_OBJC_ISA_USAGE = YES_ERROR;
				CLANG_WARN_DOCUMENTATION_COMMENTS = YES;
				CLANG_WARN_EMPTY_BODY = YES;
				CLANG_WARN_ENUM_CONVERSION = YES;
				CLANG_WARN_INFINITE_RECURSION = YES;
				CLANG_WARN_INT_CONVERSION = YES;
				CLANG_WARN_NON_LITERAL_NULL_CONVERSION = YES;
				CLANG_WARN_OBJC_IMPLICIT_RETAIN_SELF = YES;
				CLANG_WARN_OBJC_LITERAL_CONVERSION = YES;
				CLANG_WARN_OBJC_ROOT_CLASS = YES_ERROR;
				CLANG_WARN_RANGE_LOOP_ANALYSIS = YES;
				CLANG_WARN_STRICT_PROTOTYPES = YES;
				CLANG_WARN_SUSPICIOUS_MOVE = YES;
				CLANG_WARN_UNGUARDED_AVAILABILITY = YES_AGGRESSIVE;
				CLANG_WARN_UNREACHABLE_CODE = YES;
				CLANG_WARN__DUPLICATE_METHOD_MATCH = YES;
				COPY_PHASE_STRIP = NO;
				DEBUG_INFORMATION_FORMAT = "dwarf-with-dsym";
				ENABLE_NS_ASSERTIONS = NO;
				ENABLE_STRICT_OBJC_MSGSEND = YES;
				GCC_C_LANGUAGE_STANDARD = gnu11;
				GCC_NO_COMMON_BLOCKS = YES;
				GCC_WARN_64_TO_32_BIT_CONVERSION = YES;
				GCC_WARN_ABOUT_RETURN_TYPE = YES_ERROR;
				GCC_WARN_UNDECLARED_SELECTOR = YES;
				GCC_WARN_UNINITIALIZED_AUTOS = YES_AGGRESSIVE;
				GCC_WARN_UNUSED_FUNCTION = YES;
				GCC_WARN_UNUSED_VARIABLE = YES;
				IPHONEOS_DEPLOYMENT_TARGET = 13.5;
				MTL_ENABLE_DEBUG_INFO = NO;
				MTL_FAST_MATH = YES;
				SDKROOT = iphoneos;
				SWIFT_COMPILATION_MODE = wholemodule;
				SWIFT_OPTIMIZATION_LEVEL = "-O";
				VALIDATE_PRODUCT = YES;
			};
			name = Release;
		};
		DB3EA16D249EABD0009B3BEA /* Debug */ = {
			isa = XCBuildConfiguration;
			baseConfigurationReference = 2FA5D5110893E905758FF010 /* Pods-Wunderlist.debug.xcconfig */;
			buildSettings = {
				ASSETCATALOG_COMPILER_APPICON_NAME = AppIcon;
				CODE_SIGN_STYLE = Automatic;
				DEVELOPMENT_TEAM = JKA99996Q5;
				INFOPLIST_FILE = Wunderlist/Resources/Info.plist;
				LD_RUNPATH_SEARCH_PATHS = (
					"$(inherited)",
					"@executable_path/Frameworks",
				);
				PRODUCT_BUNDLE_IDENTIFIER = com.NonyeE.Wunderlist;
				PRODUCT_NAME = "$(TARGET_NAME)";
				SWIFT_VERSION = 5.0;
				TARGETED_DEVICE_FAMILY = "1,2";
			};
			name = Debug;
		};
		DB3EA16E249EABD0009B3BEA /* Release */ = {
			isa = XCBuildConfiguration;
			baseConfigurationReference = 992B96DDB70670EC02E9C30F /* Pods-Wunderlist.release.xcconfig */;
			buildSettings = {
				ASSETCATALOG_COMPILER_APPICON_NAME = AppIcon;
				CODE_SIGN_STYLE = Automatic;
				DEVELOPMENT_TEAM = JKA99996Q5;
				INFOPLIST_FILE = Wunderlist/Resources/Info.plist;
				LD_RUNPATH_SEARCH_PATHS = (
					"$(inherited)",
					"@executable_path/Frameworks",
				);
				PRODUCT_BUNDLE_IDENTIFIER = com.NonyeE.Wunderlist;
				PRODUCT_NAME = "$(TARGET_NAME)";
				SWIFT_VERSION = 5.0;
				TARGETED_DEVICE_FAMILY = "1,2";
			};
			name = Release;
		};
/* End XCBuildConfiguration section */

/* Begin XCConfigurationList section */
		5E7B074524A186D100F6664A /* Build configuration list for PBXNativeTarget "WunderlistTests" */ = {
			isa = XCConfigurationList;
			buildConfigurations = (
				5E7B074324A186D100F6664A /* Debug */,
				5E7B074424A186D100F6664A /* Release */,
			);
			defaultConfigurationIsVisible = 0;
			defaultConfigurationName = Release;
		};
		5E7B075124A1870800F6664A /* Build configuration list for PBXNativeTarget "WunderlistUITests" */ = {
			isa = XCConfigurationList;
			buildConfigurations = (
				5E7B075224A1870800F6664A /* Debug */,
				5E7B075324A1870800F6664A /* Release */,
			);
			defaultConfigurationIsVisible = 0;
			defaultConfigurationName = Release;
		};
		DB3EA153249EABCD009B3BEA /* Build configuration list for PBXProject "Wunderlist" */ = {
			isa = XCConfigurationList;
			buildConfigurations = (
				DB3EA16A249EABD0009B3BEA /* Debug */,
				DB3EA16B249EABD0009B3BEA /* Release */,
			);
			defaultConfigurationIsVisible = 0;
			defaultConfigurationName = Release;
		};
		DB3EA16C249EABD0009B3BEA /* Build configuration list for PBXNativeTarget "Wunderlist" */ = {
			isa = XCConfigurationList;
			buildConfigurations = (
				DB3EA16D249EABD0009B3BEA /* Debug */,
				DB3EA16E249EABD0009B3BEA /* Release */,
			);
			defaultConfigurationIsVisible = 0;
			defaultConfigurationName = Release;
		};
/* End XCConfigurationList section */

/* Begin XCVersionGroup section */
		DB15110424A104620007858E /* Wunderlist.xcdatamodeld */ = {
			isa = XCVersionGroup;
			children = (
				27FB0B4024A518D500A2335B /* Wunderlist 2.xcdatamodel */,
				DB15110524A104620007858E /* Wunderlist.xcdatamodel */,
			);
			currentVersion = 27FB0B4024A518D500A2335B /* Wunderlist 2.xcdatamodel */;
			path = Wunderlist.xcdatamodeld;
			sourceTree = "<group>";
			versionGroupType = wrapper.xcdatamodel;
		};
/* End XCVersionGroup section */
	};
	rootObject = DB3EA150249EABCD009B3BEA /* Project object */;
}
